
Microsoft Visual Studio Solution File, Format Version 12.00
# Visual Studio Version 17
VisualStudioVersion = 17.14.36518.9
MinimumVisualStudioVersion = 10.0.40219.1
Project("{8BC9CEB8-8B4A-11D0-8D11-00A0C91BC942}") = "Collections", "Collections\Collections.vcxproj", "{1B6959AD-A336-4752-836E-D26117647937}"
EndProject
Project("{8BC9CEB8-8B4A-11D0-8D11-00A0C91BC942}") = "TestCollections", "TestCollections\TestCollections.vcxproj", "{E91A86B5-BE8D-4E34-9AAB-B183EEE798F0}"
	ProjectSection(ProjectDependencies) = postProject
		{1B6959AD-A336-4752-836E-D26117647937} = {1B6959AD-A336-4752-836E-D26117647937}
	EndProjectSection
EndProject
Global
	GlobalSection(SolutionConfigurationPlatforms) = preSolution
		Debug|x64 = Debug|x64
		Debug|x86 = Debug|x86
		Release|x64 = Release|x64
		Release|x86 = Release|x86
	EndGlobalSection
	GlobalSection(ProjectConfigurationPlatforms) = postSolution
		{1B6959AD-A336-4752-836E-D26117647937}.Debug|x64.ActiveCfg = Debug|x64
		{1B6959AD-A336-4752-836E-D26117647937}.Debug|x64.Build.0 = Debug|x64
		{1B6959AD-A336-4752-836E-D26117647937}.Debug|x86.ActiveCfg = Debug|Win32
		{1B6959AD-A336-4752-836E-D26117647937}.Debug|x86.Build.0 = Debug|Win32
		{1B6959AD-A336-4752-836E-D26117647937}.Release|x64.ActiveCfg = Release|x64
		{1B6959AD-A336-4752-836E-D26117647937}.Release|x64.Build.0 = Release|x64
		{1B6959AD-A336-4752-836E-D26117647937}.Release|x86.ActiveCfg = Release|Win32
		{1B6959AD-A336-4752-836E-D26117647937}.Release|x86.Build.0 = Release|Win32
		{E91A86B5-BE8D-4E34-9AAB-B183EEE798F0}.Debug|x64.ActiveCfg = Debug|x64
		{E91A86B5-BE8D-4E34-9AAB-B183EEE798F0}.Debug|x64.Build.0 = Debug|x64
		{E91A86B5-BE8D-4E34-9AAB-B183EEE798F0}.Debug|x86.ActiveCfg = Debug|Win32
		{E91A86B5-BE8D-4E34-9AAB-B183EEE798F0}.Debug|x86.Build.0 = Debug|Win32
		{E91A86B5-BE8D-4E34-9AAB-B183EEE798F0}.Release|x64.ActiveCfg = Release|x64
		{E91A86B5-BE8D-4E34-9AAB-B183EEE798F0}.Release|x64.Build.0 = Release|x64
		{E91A86B5-BE8D-4E34-9AAB-B183EEE798F0}.Release|x86.ActiveCfg = Release|Win32
		{E91A86B5-BE8D-4E34-9AAB-B183EEE798F0}.Release|x86.Build.0 = Release|Win32
	EndGlobalSection
	GlobalSection(SolutionProperties) = preSolution
		HideSolutionNode = FALSE
	EndGlobalSection
	GlobalSection(ExtensibilityGlobals) = postSolution
		SolutionGuid = {D743C112-93E9-4829-AAC2-94263EE83889}
	EndGlobalSection
EndGlobal
